
Microsoft Visual Studio Solution File, Format Version 12.00
# Visual Studio Version 17
VisualStudioVersion = 17.5.33414.496
MinimumVisualStudioVersion = 10.0.40219.1
Project("{FAE04EC0-301F-11D3-BF4B-00C04F79EFBC}") = "CoMan", "CoMan\CoMan.csproj", "{BDF32C1F-F547-43BE-9E42-E1B62A601F2C}"
EndProject
Global
	GlobalSection(SolutionConfigurationPlatforms) = preSolution
		Debug|Any CPU = Debug|Any CPU
		Release|Any CPU = Release|Any CPU
	EndGlobalSection
	GlobalSection(ProjectConfigurationPlatforms) = postSolution
		{BDF32C1F-F547-43BE-9E42-E1B62A601F2C}.Debug|Any CPU.ActiveCfg = Debug|Any CPU
		{BDF32C1F-F547-43BE-9E42-E1B62A601F2C}.Debug|Any CPU.Build.0 = Debug|Any CPU
		{BDF32C1F-F547-43BE-9E42-E1B62A601F2C}.Release|Any CPU.ActiveCfg = Release|Any CPU
		{BDF32C1F-F547-43BE-9E42-E1B62A601F2C}.Release|Any CPU.Build.0 = Release|Any CPU
	EndGlobalSection
	GlobalSection(SolutionProperties) = preSolution
		HideSolutionNode = FALSE
	EndGlobalSection
	GlobalSection(ExtensibilityGlobals) = postSolution
		SolutionGuid = {45BACAE5-9B27-46BC-BCF5-4C5DE391B042}
	EndGlobalSection
EndGlobal
